
Microsoft Visual Studio Solution File, Format Version 12.00
# Visual Studio Version 17
VisualStudioVersion = 17.8.34330.188
MinimumVisualStudioVersion = 10.0.40219.1
Project("{FAE04EC0-301F-11D3-BF4B-00C04F79EFBC}") = "PlayingWithSerialization.Api", "PlayingWithSerialization.Api\PlayingWithSerialization.Api.csproj", "{BA362B51-2977-479F-809C-5E1A3581189C}"
EndProject
Project("{FAE04EC0-301F-11D3-BF4B-00C04F79EFBC}") = "PlayingWithSerialization.Api.Client", "PlayingWithSerialization.Api.Client\PlayingWithSerialization.Api.Client.csproj", "{2DF5A843-BB9B-41E4-B9C7-F3694134F2B9}"
EndProject
Project("{FAE04EC0-301F-11D3-BF4B-00C04F79EFBC}") = "PlayingWithSerialization.UI", "PlayingWithSerialization.UI\PlayingWithSerialization.UI.csproj", "{C9B522A7-01C8-456D-BE9B-DE67DFF7EF4F}"
EndProject
Global
	GlobalSection(SolutionConfigurationPlatforms) = preSolution
		Debug|Any CPU = Debug|Any CPU
		Release|Any CPU = Release|Any CPU
	EndGlobalSection
	GlobalSection(ProjectConfigurationPlatforms) = postSolution
		{BA362B51-2977-479F-809C-5E1A3581189C}.Debug|Any CPU.ActiveCfg = Debug|Any CPU
		{BA362B51-2977-479F-809C-5E1A3581189C}.Debug|Any CPU.Build.0 = Debug|Any CPU
		{BA362B51-2977-479F-809C-5E1A3581189C}.Release|Any CPU.ActiveCfg = Release|Any CPU
		{BA362B51-2977-479F-809C-5E1A3581189C}.Release|Any CPU.Build.0 = Release|Any CPU
		{2DF5A843-BB9B-41E4-B9C7-F3694134F2B9}.Debug|Any CPU.ActiveCfg = Debug|Any CPU
		{2DF5A843-BB9B-41E4-B9C7-F3694134F2B9}.Debug|Any CPU.Build.0 = Debug|Any CPU
		{2DF5A843-BB9B-41E4-B9C7-F3694134F2B9}.Release|Any CPU.ActiveCfg = Release|Any CPU
		{2DF5A843-BB9B-41E4-B9C7-F3694134F2B9}.Release|Any CPU.Build.0 = Release|Any CPU
		{C9B522A7-01C8-456D-BE9B-DE67DFF7EF4F}.Debug|Any CPU.ActiveCfg = Debug|Any CPU
		{C9B522A7-01C8-456D-BE9B-DE67DFF7EF4F}.Debug|Any CPU.Build.0 = Debug|Any CPU
		{C9B522A7-01C8-456D-BE9B-DE67DFF7EF4F}.Release|Any CPU.ActiveCfg = Release|Any CPU
		{C9B522A7-01C8-456D-BE9B-DE67DFF7EF4F}.Release|Any CPU.Build.0 = Release|Any CPU
	EndGlobalSection
	GlobalSection(SolutionProperties) = preSolution
		HideSolutionNode = FALSE
	EndGlobalSection
	GlobalSection(ExtensibilityGlobals) = postSolution
		SolutionGuid = {BBAA59A5-78B7-4BDD-809F-081439E5C5E8}
	EndGlobalSection
EndGlobal
